# This file is automatically @generated by Cargo.
# It is not intended for manual editing.
version = 3

[[package]]
name = "nostd"
version = "0.1.0"
dependencies = [
 "one_alloc",
 "pasts",
]

[[package]]
name = "one_alloc"
version = "0.1.0"
source = "registry+https://github.com/rust-lang/crates.io-index"
checksum = "4f18fab67b62b0ebda1b1d6c591f5febf2c61a11183a9edf948be965a5ff3fb8"

[[package]]
name = "pasts"
version = "0.11.0"
