# This file is automatically @generated by Cargo.
# It is not intended for manual editing.
[[package]]
name = "bumpalo"
version = "3.6.1"
source = "registry+https://github.com/rust-lang/crates.io-index"
checksum = "63396b8a4b9de3f4fdfb320ab6080762242f66a8ef174c49d8e19b674db4cdbe"

[[package]]
name = "cfg-if"
version = "1.0.0"
source = "registry+https://github.com/rust-lang/crates.io-index"
checksum = "baf1de4339761588bc0619e3cbc0120ee582ebb74b53b4efbf79117bd2da40fd"

[[package]]
name = "cross-platform"
version = "0.1.0"
dependencies = [
 "devout",
 "pasts",
 "wasm-bindgen",
]

[[package]]
name = "devout"
version = "0.2.0"
source = "registry+https://github.com/rust-lang/crates.io-index"
checksum = "f3f746d3d966bfd758f09151c70097cc3b6f3eb627020da82851e529a6c4bf02"
dependencies = [
 "wasm-bindgen",
 "web-sys",
]

[[package]]
name = "js-sys"
version = "0.3.48"
source = "registry+https://github.com/rust-lang/crates.io-index"
checksum = "dc9f84f9b115ce7843d60706df1422a916680bfdfcbdb0447c5614ff9d7e4d78"
dependencies = [
 "wasm-bindgen",
]

[[package]]
name = "lazy_static"
version = "1.4.0"
source = "registry+https://github.com/rust-lang/crates.io-index"
checksum = "e2abad23fbc42b3700f2f279844dc832adb2b2eb069b2df918f455c4e18cc646"

[[package]]
name = "log"
version = "0.4.14"
source = "registry+https://github.com/rust-lang/crates.io-index"
checksum = "51b9bbe6c47d51fc3e1a9b945965946b4c44142ab8792c50835a980d362c2710"
dependencies = [
 "cfg-if",
]

[[package]]
name = "pasts"
version = "0.7.4"

[[package]]
name = "proc-macro2"
version = "1.0.24"
source = "registry+https://github.com/rust-lang/crates.io-index"
checksum = "1e0704ee1a7e00d7bb417d0770ea303c1bccbabf0ef1667dae92b5967f5f8a71"
dependencies = [
 "unicode-xid",
]

[[package]]
name = "quote"
version = "1.0.9"
source = "registry+https://github.com/rust-lang/crates.io-index"
checksum = "c3d0b9745dc2debf507c8422de05d7226cc1f0644216dfdfead988f9b1ab32a7"
dependencies = [
 "proc-macro2",
]

[[package]]
name = "syn"
version = "1.0.64"
source = "registry+https://github.com/rust-lang/crates.io-index"
checksum = "3fd9d1e9976102a03c542daa2eff1b43f9d72306342f3f8b3ed5fb8908195d6f"
dependencies = [
 "proc-macro2",
 "quote",
 "unicode-xid",
]

[[package]]
name = "unicode-xid"
version = "0.2.1"
source = "registry+https://github.com/rust-lang/crates.io-index"
checksum = "f7fe0bb3479651439c9112f72b6c505038574c9fbb575ed1bf3b797fa39dd564"

[[package]]
name = "wasm-bindgen"
version = "0.2.71"
source = "registry+https://github.com/rust-lang/crates.io-index"
checksum = "7ee1280240b7c461d6a0071313e08f34a60b0365f14260362e5a2b17d1d31aa7"
dependencies = [
 "cfg-if",
 "wasm-bindgen-macro",
]

[[package]]
name = "wasm-bindgen-backend"
version = "0.2.71"
source = "registry+https://github.com/rust-lang/crates.io-index"
checksum = "5b7d8b6942b8bb3a9b0e73fc79b98095a27de6fa247615e59d096754a3bc2aa8"
dependencies = [
 "bumpalo",
 "lazy_static",
 "log",
 "proc-macro2",
 "quote",
 "syn",
 "wasm-bindgen-shared",
]

[[package]]
name = "wasm-bindgen-macro"
version = "0.2.71"
source = "registry+https://github.com/rust-lang/crates.io-index"
checksum = "e5ac38da8ef716661f0f36c0d8320b89028efe10c7c0afde65baffb496ce0d3b"
dependencies = [
 "quote",
 "wasm-bindgen-macro-support",
]

[[package]]
name = "wasm-bindgen-macro-support"
version = "0.2.71"
source = "registry+https://github.com/rust-lang/crates.io-index"
checksum = "cc053ec74d454df287b9374ee8abb36ffd5acb95ba87da3ba5b7d3fe20eb401e"
dependencies = [
 "proc-macro2",
 "quote",
 "syn",
 "wasm-bindgen-backend",
 "wasm-bindgen-shared",
]

[[package]]
name = "wasm-bindgen-shared"
version = "0.2.71"
source = "registry+https://github.com/rust-lang/crates.io-index"
checksum = "7d6f8ec44822dd71f5f221a5847fb34acd9060535c1211b70a05844c0f6383b1"

[[package]]
name = "web-sys"
version = "0.3.48"
source = "registry+https://github.com/rust-lang/crates.io-index"
checksum = "ec600b26223b2948cedfde2a0aa6756dcf1fef616f43d7b3097aaf53a6c4d92b"
dependencies = [
 "js-sys",
 "wasm-bindgen",
]
